
Microsoft Visual Studio Solution File, Format Version 12.00
# Visual Studio Version 17
VisualStudioVersion = 17.1.32407.343
MinimumVisualStudioVersion = 10.0.40219.1
Project("{FAE04EC0-301F-11D3-BF4B-00C04F79EFBC}") = "RentCar", "RentCar\RentCar.csproj", "{7AA6A039-46FE-487F-B039-261E30B782AC}"
EndProject
Project("{FAE04EC0-301F-11D3-BF4B-00C04F79EFBC}") = "RentCar.Services", "RentCar.Services\RentCar.Services.csproj", "{1CE348B3-2175-4BBD-B325-92AF68E9E5AB}"
EndProject
Project("{FAE04EC0-301F-11D3-BF4B-00C04F79EFBC}") = "RentCar.Models", "RentCar.Models\RentCar.Models.csproj", "{CA08D808-890B-47FB-A5CD-77F43C5D3D86}"
EndProject
Project("{FAE04EC0-301F-11D3-BF4B-00C04F79EFBC}") = "RentCar.DAL", "RentCar.DAL\RentCar.DAL.csproj", "{8F5B2B38-55E8-4F6F-A5F1-83485E5BD2A2}"
EndProject
Global
	GlobalSection(SolutionConfigurationPlatforms) = preSolution
		Debug|Any CPU = Debug|Any CPU
		Release|Any CPU = Release|Any CPU
	EndGlobalSection
	GlobalSection(ProjectConfigurationPlatforms) = postSolution
		{7AA6A039-46FE-487F-B039-261E30B782AC}.Debug|Any CPU.ActiveCfg = Debug|Any CPU
		{7AA6A039-46FE-487F-B039-261E30B782AC}.Debug|Any CPU.Build.0 = Debug|Any CPU
		{7AA6A039-46FE-487F-B039-261E30B782AC}.Release|Any CPU.ActiveCfg = Release|Any CPU
		{7AA6A039-46FE-487F-B039-261E30B782AC}.Release|Any CPU.Build.0 = Release|Any CPU
		{1CE348B3-2175-4BBD-B325-92AF68E9E5AB}.Debug|Any CPU.ActiveCfg = Debug|Any CPU
		{1CE348B3-2175-4BBD-B325-92AF68E9E5AB}.Debug|Any CPU.Build.0 = Debug|Any CPU
		{1CE348B3-2175-4BBD-B325-92AF68E9E5AB}.Release|Any CPU.ActiveCfg = Release|Any CPU
		{1CE348B3-2175-4BBD-B325-92AF68E9E5AB}.Release|Any CPU.Build.0 = Release|Any CPU
		{CA08D808-890B-47FB-A5CD-77F43C5D3D86}.Debug|Any CPU.ActiveCfg = Debug|Any CPU
		{CA08D808-890B-47FB-A5CD-77F43C5D3D86}.Debug|Any CPU.Build.0 = Debug|Any CPU
		{CA08D808-890B-47FB-A5CD-77F43C5D3D86}.Release|Any CPU.ActiveCfg = Release|Any CPU
		{CA08D808-890B-47FB-A5CD-77F43C5D3D86}.Release|Any CPU.Build.0 = Release|Any CPU
		{8F5B2B38-55E8-4F6F-A5F1-83485E5BD2A2}.Debug|Any CPU.ActiveCfg = Debug|Any CPU
		{8F5B2B38-55E8-4F6F-A5F1-83485E5BD2A2}.Debug|Any CPU.Build.0 = Debug|Any CPU
		{8F5B2B38-55E8-4F6F-A5F1-83485E5BD2A2}.Release|Any CPU.ActiveCfg = Release|Any CPU
		{8F5B2B38-55E8-4F6F-A5F1-83485E5BD2A2}.Release|Any CPU.Build.0 = Release|Any CPU
	EndGlobalSection
	GlobalSection(SolutionProperties) = preSolution
		HideSolutionNode = FALSE
	EndGlobalSection
	GlobalSection(ExtensibilityGlobals) = postSolution
		SolutionGuid = {85DCBE15-6A5A-4762-A64B-7799AFB867BE}
	EndGlobalSection
EndGlobal
